
Microsoft Visual Studio Solution File, Format Version 12.00
# Visual Studio Version 16
VisualStudioVersion = 16.0.31019.35
MinimumVisualStudioVersion = 10.0.40219.1
Project("{8BC9CEB8-8B4A-11D0-8D11-00A0C91BC942}") = "LAB11", "LAB11\LAB11.vcxproj", "{12ACA460-1A9F-44C9-AA7B-04384CD86CEC}"
EndProject
Global
	GlobalSection(SolutionConfigurationPlatforms) = preSolution
		Debug|x64 = Debug|x64
		Debug|x86 = Debug|x86
		Release|x64 = Release|x64
		Release|x86 = Release|x86
	EndGlobalSection
	GlobalSection(ProjectConfigurationPlatforms) = postSolution
		{12ACA460-1A9F-44C9-AA7B-04384CD86CEC}.Debug|x64.ActiveCfg = Debug|x64
		{12ACA460-1A9F-44C9-AA7B-04384CD86CEC}.Debug|x64.Build.0 = Debug|x64
		{12ACA460-1A9F-44C9-AA7B-04384CD86CEC}.Debug|x86.ActiveCfg = Debug|Win32
		{12ACA460-1A9F-44C9-AA7B-04384CD86CEC}.Debug|x86.Build.0 = Debug|Win32
		{12ACA460-1A9F-44C9-AA7B-04384CD86CEC}.Release|x64.ActiveCfg = Release|x64
		{12ACA460-1A9F-44C9-AA7B-04384CD86CEC}.Release|x64.Build.0 = Release|x64
		{12ACA460-1A9F-44C9-AA7B-04384CD86CEC}.Release|x86.ActiveCfg = Release|Win32
		{12ACA460-1A9F-44C9-AA7B-04384CD86CEC}.Release|x86.Build.0 = Release|Win32
	EndGlobalSection
	GlobalSection(SolutionProperties) = preSolution
		HideSolutionNode = FALSE
	EndGlobalSection
	GlobalSection(ExtensibilityGlobals) = postSolution
		SolutionGuid = {007D84D3-CFB1-407A-A85B-6413946C61DB}
	EndGlobalSection
EndGlobal
